
Microsoft Visual Studio Solution File, Format Version 12.00
# Visual Studio Version 17
VisualStudioVersion = 17.5.33530.505
MinimumVisualStudioVersion = 10.0.40219.1
Project("{9A19103F-16F7-4668-BE54-9A1E7A4F7556}") = "ClubView", "ClubView\ClubView.csproj", "{D0EBEDC5-8BA6-4119-88D6-B6DB49C35172}"
EndProject
Project("{9A19103F-16F7-4668-BE54-9A1E7A4F7556}") = "ClubView.API", "ClubView.API\ClubView.API.csproj", "{D91DA4B7-93DE-49EE-9917-48605A806D70}"
EndProject
Global
	GlobalSection(SolutionConfigurationPlatforms) = preSolution
		Debug|Any CPU = Debug|Any CPU
		Release|Any CPU = Release|Any CPU
	EndGlobalSection
	GlobalSection(ProjectConfigurationPlatforms) = postSolution
		{D0EBEDC5-8BA6-4119-88D6-B6DB49C35172}.Debug|Any CPU.ActiveCfg = Debug|Any CPU
		{D0EBEDC5-8BA6-4119-88D6-B6DB49C35172}.Debug|Any CPU.Build.0 = Debug|Any CPU
		{D0EBEDC5-8BA6-4119-88D6-B6DB49C35172}.Release|Any CPU.ActiveCfg = Release|Any CPU
		{D0EBEDC5-8BA6-4119-88D6-B6DB49C35172}.Release|Any CPU.Build.0 = Release|Any CPU
		{D91DA4B7-93DE-49EE-9917-48605A806D70}.Debug|Any CPU.ActiveCfg = Debug|Any CPU
		{D91DA4B7-93DE-49EE-9917-48605A806D70}.Debug|Any CPU.Build.0 = Debug|Any CPU
		{D91DA4B7-93DE-49EE-9917-48605A806D70}.Release|Any CPU.ActiveCfg = Release|Any CPU
		{D91DA4B7-93DE-49EE-9917-48605A806D70}.Release|Any CPU.Build.0 = Release|Any CPU
	EndGlobalSection
	GlobalSection(SolutionProperties) = preSolution
		HideSolutionNode = FALSE
	EndGlobalSection
	GlobalSection(ExtensibilityGlobals) = postSolution
		SolutionGuid = {3F22F1B4-AEED-487E-8722-3BB49E6433FD}
	EndGlobalSection
EndGlobal
